
Microsoft Visual Studio Solution File, Format Version 12.00
# Visual Studio 15
VisualStudioVersion = 15.0.28010.2003
MinimumVisualStudioVersion = 10.0.40219.1
Project("{FAE04EC0-301F-11D3-BF4B-00C04F79EFBC}") = "program2", "homework1\program2.csproj", "{8FC8914C-9792-425C-89A0-C483D75A9911}"
EndProject
Project("{FAE04EC0-301F-11D3-BF4B-00C04F79EFBC}") = "program1", "program1\program1.csproj", "{FE1553A1-C544-42D7-9C60-B117F4CED721}"
EndProject
Global
	GlobalSection(SolutionConfigurationPlatforms) = preSolution
		Debug|Any CPU = Debug|Any CPU
		Release|Any CPU = Release|Any CPU
	EndGlobalSection
	GlobalSection(ProjectConfigurationPlatforms) = postSolution
		{8FC8914C-9792-425C-89A0-C483D75A9911}.Debug|Any CPU.ActiveCfg = Debug|Any CPU
		{8FC8914C-9792-425C-89A0-C483D75A9911}.Debug|Any CPU.Build.0 = Debug|Any CPU
		{8FC8914C-9792-425C-89A0-C483D75A9911}.Release|Any CPU.ActiveCfg = Release|Any CPU
		{8FC8914C-9792-425C-89A0-C483D75A9911}.Release|Any CPU.Build.0 = Release|Any CPU
		{FE1553A1-C544-42D7-9C60-B117F4CED721}.Debug|Any CPU.ActiveCfg = Debug|Any CPU
		{FE1553A1-C544-42D7-9C60-B117F4CED721}.Debug|Any CPU.Build.0 = Debug|Any CPU
		{FE1553A1-C544-42D7-9C60-B117F4CED721}.Release|Any CPU.ActiveCfg = Release|Any CPU
		{FE1553A1-C544-42D7-9C60-B117F4CED721}.Release|Any CPU.Build.0 = Release|Any CPU
	EndGlobalSection
	GlobalSection(SolutionProperties) = preSolution
		HideSolutionNode = FALSE
	EndGlobalSection
	GlobalSection(ExtensibilityGlobals) = postSolution
		SolutionGuid = {6F542E5C-0886-4BF2-9945-65B6A259BF03}
	EndGlobalSection
EndGlobal
