
Microsoft Visual Studio Solution File, Format Version 12.00
# Visual Studio 15
VisualStudioVersion = 15.0.28010.2003
MinimumVisualStudioVersion = 10.0.40219.1
Project("{FAE04EC0-301F-11D3-BF4B-00C04F79EFBC}") = "program1", "program1\program1.csproj", "{3A44D7FA-4388-4DEE-9477-8389F8738814}"
EndProject
Project("{FAE04EC0-301F-11D3-BF4B-00C04F79EFBC}") = "program1test", "program1test\program1test.csproj", "{92B45841-EBB2-44CA-B45D-8951757D694C}"
EndProject
Global
	GlobalSection(SolutionConfigurationPlatforms) = preSolution
		Debug|Any CPU = Debug|Any CPU
		Release|Any CPU = Release|Any CPU
	EndGlobalSection
	GlobalSection(ProjectConfigurationPlatforms) = postSolution
		{3A44D7FA-4388-4DEE-9477-8389F8738814}.Debug|Any CPU.ActiveCfg = Debug|Any CPU
		{3A44D7FA-4388-4DEE-9477-8389F8738814}.Debug|Any CPU.Build.0 = Debug|Any CPU
		{3A44D7FA-4388-4DEE-9477-8389F8738814}.Release|Any CPU.ActiveCfg = Release|Any CPU
		{3A44D7FA-4388-4DEE-9477-8389F8738814}.Release|Any CPU.Build.0 = Release|Any CPU
		{92B45841-EBB2-44CA-B45D-8951757D694C}.Debug|Any CPU.ActiveCfg = Debug|Any CPU
		{92B45841-EBB2-44CA-B45D-8951757D694C}.Debug|Any CPU.Build.0 = Debug|Any CPU
		{92B45841-EBB2-44CA-B45D-8951757D694C}.Release|Any CPU.ActiveCfg = Release|Any CPU
		{92B45841-EBB2-44CA-B45D-8951757D694C}.Release|Any CPU.Build.0 = Release|Any CPU
	EndGlobalSection
	GlobalSection(SolutionProperties) = preSolution
		HideSolutionNode = FALSE
	EndGlobalSection
	GlobalSection(ExtensibilityGlobals) = postSolution
		SolutionGuid = {DAB7E780-D7F1-4A41-9D06-78F48D71CC1D}
	EndGlobalSection
EndGlobal
